
Microsoft Visual Studio Solution File, Format Version 12.00
# Visual Studio Version 16
VisualStudioVersion = 16.0.32630.194
MinimumVisualStudioVersion = 10.0.40219.1
Project("{FAE04EC0-301F-11D3-BF4B-00C04F79EFBC}") = "WindowsService1", "WindowsService1\WindowsService1.csproj", "{B06B1C35-9BB3-4BE0-A43D-E255213D5451}"
EndProject
Global
	GlobalSection(SolutionConfigurationPlatforms) = preSolution
		Debug|Any CPU = Debug|Any CPU
		Release|Any CPU = Release|Any CPU
	EndGlobalSection
	GlobalSection(ProjectConfigurationPlatforms) = postSolution
		{B06B1C35-9BB3-4BE0-A43D-E255213D5451}.Debug|Any CPU.ActiveCfg = Debug|Any CPU
		{B06B1C35-9BB3-4BE0-A43D-E255213D5451}.Debug|Any CPU.Build.0 = Debug|Any CPU
		{B06B1C35-9BB3-4BE0-A43D-E255213D5451}.Release|Any CPU.ActiveCfg = Release|Any CPU
		{B06B1C35-9BB3-4BE0-A43D-E255213D5451}.Release|Any CPU.Build.0 = Release|Any CPU
	EndGlobalSection
	GlobalSection(SolutionProperties) = preSolution
		HideSolutionNode = FALSE
	EndGlobalSection
	GlobalSection(ExtensibilityGlobals) = postSolution
		SolutionGuid = {BE413B3E-6CE8-4D5C-82FF-24718EAAD72F}
	EndGlobalSection
EndGlobal
